
Microsoft Visual Studio Solution File, Format Version 11.00
# Visual Studio 2010
Project("{FAE04EC0-301F-11D3-BF4B-00C04F79EFBC}") = "InnovationStrategies", "InnovationStrategies\InnovationStrategies.csproj", "{23561307-0E44-48EF-91F1-0A37D8C0E11E}"
EndProject
Global
	GlobalSection(SolutionConfigurationPlatforms) = preSolution
		Debug|x86 = Debug|x86
		Release|x86 = Release|x86
	EndGlobalSection
	GlobalSection(ProjectConfigurationPlatforms) = postSolution
		{23561307-0E44-48EF-91F1-0A37D8C0E11E}.Debug|x86.ActiveCfg = Debug|x86
		{23561307-0E44-48EF-91F1-0A37D8C0E11E}.Debug|x86.Build.0 = Debug|x86
		{23561307-0E44-48EF-91F1-0A37D8C0E11E}.Release|x86.ActiveCfg = Release|x86
		{23561307-0E44-48EF-91F1-0A37D8C0E11E}.Release|x86.Build.0 = Release|x86
	EndGlobalSection
	GlobalSection(SolutionProperties) = preSolution
		HideSolutionNode = FALSE
	EndGlobalSection
EndGlobal
